PODS:
  - AppAuth (1.7.3):
    - AppAuth/Core (= 1.7.3)
    - AppAuth/ExternalUserAgent (= 1.7.3)
  - AppAuth/Core (1.7.3)
  - AppAuth/ExternalUserAgent (1.7.3):
    - AppAuth/Core
  - FBAEMKit (16.2.1):
    - FBSDKCoreKit_Basics (= 16.2.1)
  - FBSDKCoreKit (16.2.1):
    - FBAEMKit (= 16.2.1)
    - FBSDKCoreKit_Basics (= 16.2.1)
  - FBSDKCoreKit_Basics (16.2.1)
  - FBSDKLoginKit (16.2.1):
    - FBSDKCoreKit (= 16.2.1)
  - Flutter (1.0.0)
  - flutter_login_facebook (1.9.0):
    - FBSDKLoginKit (= 16.2.1)
    - Flutter
  - google_maps_flutter_ios (0.0.1):
    - Flutter
    - GoogleMaps (< 9.0)
  - google_sign_in_ios (0.0.1):
    - Flutter
    - FlutterMacOS
    - GoogleSignIn (~> 7.0)
  - GoogleMaps (6.2.1):
    - GoogleMaps/Maps (= 6.2.1)
  - GoogleMaps/Base (6.2.1)
  - GoogleMaps/Maps (6.2.1):
    - GoogleMaps/Base
  - GoogleSignIn (7.1.0):
    - AppAuth (< 2.0, >= 1.7.3)
    - GTMAppAuth (< 5.0, >= 4.1.1)
    - GTMSessionFetcher/Core (~> 3.3)
  - GTMAppAuth (4.1.1):
    - AppAuth/Core (~> 1.7)
    - GTMSessionFetcher/Core (< 4.0, >= 3.3)
  - GTMSessionFetcher/Core (3.3.2)
  - images_picker (0.0.1):
    - Flutter
    - ZLPhotoBrowser (= 4.2.5)
  - path_provider_foundation (0.0.1):
    - Flutter
    - FlutterMacOS
  - permission_handler_apple (9.1.1):
    - Flutter
  - shared_preferences_foundation (0.0.1):
    - Flutter
    - FlutterMacOS
  - sms_autofill (0.0.1):
    - Flutter
  - sqflite (0.0.3):
    - Flutter
    - FlutterMacOS
  - ZLPhotoBrowser (4.2.5):
    - ZLPhotoBrowser/Core (= 4.2.5)
  - ZLPhotoBrowser/Core (4.2.5)

DEPENDENCIES:
  - Flutter (from `Flutter`)
  - flutter_login_facebook (from `.symlinks/plugins/flutter_login_facebook/ios`)
  - google_maps_flutter_ios (from `.symlinks/plugins/google_maps_flutter_ios/ios`)
  - google_sign_in_ios (from `.symlinks/plugins/google_sign_in_ios/darwin`)
  - images_picker (from `.symlinks/plugins/images_picker/ios`)
  - path_provider_foundation (from `.symlinks/plugins/path_provider_foundation/darwin`)
  - permission_handler_apple (from `.symlinks/plugins/permission_handler_apple/ios`)
  - shared_preferences_foundation (from `.symlinks/plugins/shared_preferences_foundation/darwin`)
  - sms_autofill (from `.symlinks/plugins/sms_autofill/ios`)
  - sqflite (from `.symlinks/plugins/sqflite/darwin`)

SPEC REPOS:
  trunk:
    - AppAuth
    - FBAEMKit
    - FBSDKCoreKit
    - FBSDKCoreKit_Basics
    - FBSDKLoginKit
    - GoogleMaps
    - GoogleSignIn
    - GTMAppAuth
    - GTMSessionFetcher
    - ZLPhotoBrowser

EXTERNAL SOURCES:
  Flutter:
    :path: Flutter
  flutter_login_facebook:
    :path: ".symlinks/plugins/flutter_login_facebook/ios"
  google_maps_flutter_ios:
    :path: ".symlinks/plugins/google_maps_flutter_ios/ios"
  google_sign_in_ios:
    :path: ".symlinks/plugins/google_sign_in_ios/darwin"
  images_picker:
    :path: ".symlinks/plugins/images_picker/ios"
  path_provider_foundation:
    :path: ".symlinks/plugins/path_provider_foundation/darwin"
  permission_handler_apple:
    :path: ".symlinks/plugins/permission_handler_apple/ios"
  shared_preferences_foundation:
    :path: ".symlinks/plugins/shared_preferences_foundation/darwin"
  sms_autofill:
    :path: ".symlinks/plugins/sms_autofill/ios"
  sqflite:
    :path: ".symlinks/plugins/sqflite/darwin"

SPEC CHECKSUMS:
  AppAuth: a13994980c1ec792f7e2e665acd4d4aa6be43240
  FBAEMKit: 4763aa27b8f69eb9d2c274189e91388de1dbd88a
  FBSDKCoreKit: 40ae989ca1da1bbeba56acd4671dde64ad415506
  FBSDKCoreKit_Basics: 1257d71d2d692661290bf2af4bea5f9a101387af
  FBSDKLoginKit: bf4f96d0ce475de2da4b1800ce150bd8a6f120f3
  Flutter: e0871f40cf51350855a761d2e70bf5af5b9b5de7
  flutter_login_facebook: 1e096602eae99ee2be7ab4b3ea4cfcf667eab2f0
  google_maps_flutter_ios: f135b968a67c05679e0a53538e900b5c174b0d99
  google_sign_in_ios: 989eea5abe94af62050782714daf920be883d4a2
  GoogleMaps: 20d7b12be49a14287f797e88e0e31bc4156aaeb4
  GoogleSignIn: d4281ab6cf21542b1cfaff85c191f230b399d2db
  GTMAppAuth: f69bd07d68cd3b766125f7e072c45d7340dea0de
  GTMSessionFetcher: 0e876eea9782ec6462e91ab872711c357322c94f
  images_picker: fa9364e3a7d3083c49f865fcfb2b9e7cdc574d3a
  path_provider_foundation: 3784922295ac71e43754bd15e0653ccfd36a147c
  permission_handler_apple: e76247795d700c14ea09e3a2d8855d41ee80a2e6
  shared_preferences_foundation: b4c3b4cddf1c21f02770737f147a3f5da9d39695
  sms_autofill: c461043483362c3f1709ee76eaae6eb570b31686
  sqflite: 673a0e54cc04b7d6dba8d24fb8095b31c3a99eec
  ZLPhotoBrowser: 4bfab86b851042e18d7f413284472aa68759626a

PODFILE CHECKSUM: eb7de198ff4c9600041c27e3fc63d77fb9d3a7bd

COCOAPODS: 1.15.2
